
Microsoft Visual Studio Solution File, Format Version 12.00
# Visual Studio Version 17
VisualStudioVersion = 17.1.32421.90
MinimumVisualStudioVersion = 10.0.40219.1
Project("{FAE04EC0-301F-11D3-BF4B-00C04F79EFBC}") = "VehicleManagementSystem", "VehicleManagementSystem.csproj", "{C7B0E2EF-416F-4A32-A6B2-946943AB7181}"
EndProject
Project("{FAE04EC0-301F-11D3-BF4B-00C04F79EFBC}") = "VehicleManagementSystem.Tests", "..\VehicleManagementSystem.Tests\VehicleManagementSystem.Tests.csproj", "{91ECAC28-0751-4390-8779-CB69D0FBBABA}"
EndProject
Global
	GlobalSection(SolutionConfigurationPlatforms) = preSolution
		Debug|Any CPU = Debug|Any CPU
		Release|Any CPU = Release|Any CPU
	EndGlobalSection
	GlobalSection(ProjectConfigurationPlatforms) = postSolution
		{C7B0E2EF-416F-4A32-A6B2-946943AB7181}.Debug|Any CPU.ActiveCfg = Debug|Any CPU
		{C7B0E2EF-416F-4A32-A6B2-946943AB7181}.Debug|Any CPU.Build.0 = Debug|Any CPU
		{C7B0E2EF-416F-4A32-A6B2-946943AB7181}.Release|Any CPU.ActiveCfg = Release|Any CPU
		{C7B0E2EF-416F-4A32-A6B2-946943AB7181}.Release|Any CPU.Build.0 = Release|Any CPU
		{91ECAC28-0751-4390-8779-CB69D0FBBABA}.Debug|Any CPU.ActiveCfg = Debug|Any CPU
		{91ECAC28-0751-4390-8779-CB69D0FBBABA}.Debug|Any CPU.Build.0 = Debug|Any CPU
		{91ECAC28-0751-4390-8779-CB69D0FBBABA}.Release|Any CPU.ActiveCfg = Release|Any CPU
		{91ECAC28-0751-4390-8779-CB69D0FBBABA}.Release|Any CPU.Build.0 = Release|Any CPU
	EndGlobalSection
	GlobalSection(SolutionProperties) = preSolution
		HideSolutionNode = FALSE
	EndGlobalSection
	GlobalSection(ExtensibilityGlobals) = postSolution
		SolutionGuid = {41E3E915-27DA-4EE3-808B-7AD869106A7F}
	EndGlobalSection
EndGlobal
